
Microsoft Visual Studio Solution File, Format Version 12.00
# Visual Studio Version 17
VisualStudioVersion = 17.9.34714.143
MinimumVisualStudioVersion = 10.0.40219.1
Project("{FAE04EC0-301F-11D3-BF4B-00C04F79EFBC}") = "MecanicaBeneteli", "MecanicaBeneteli\MecanicaBeneteli.csproj", "{EF6B6B66-1647-44B1-B5C9-E6D5CAF38DA2}"
EndProject
Project("{FAE04EC0-301F-11D3-BF4B-00C04F79EFBC}") = "MecanicaBeneteli.Business", "MecanicaBeneteli.Business\MecanicaBeneteli.Business.csproj", "{459C78A1-ECD0-417D-9CFC-6B421CBCB30C}"
EndProject
Project("{FAE04EC0-301F-11D3-BF4B-00C04F79EFBC}") = "MecanicaBeneteli.Data", "MecanicaBeneteli.Data\MecanicaBeneteli.Data.csproj", "{242EFEE9-11E7-4672-BBF5-F0F65AA249D1}"
EndProject
Global
	GlobalSection(SolutionConfigurationPlatforms) = preSolution
		Debug|Any CPU = Debug|Any CPU
		Release|Any CPU = Release|Any CPU
	EndGlobalSection
	GlobalSection(ProjectConfigurationPlatforms) = postSolution
		{EF6B6B66-1647-44B1-B5C9-E6D5CAF38DA2}.Debug|Any CPU.ActiveCfg = Debug|Any CPU
		{EF6B6B66-1647-44B1-B5C9-E6D5CAF38DA2}.Debug|Any CPU.Build.0 = Debug|Any CPU
		{EF6B6B66-1647-44B1-B5C9-E6D5CAF38DA2}.Release|Any CPU.ActiveCfg = Release|Any CPU
		{EF6B6B66-1647-44B1-B5C9-E6D5CAF38DA2}.Release|Any CPU.Build.0 = Release|Any CPU
		{459C78A1-ECD0-417D-9CFC-6B421CBCB30C}.Debug|Any CPU.ActiveCfg = Debug|Any CPU
		{459C78A1-ECD0-417D-9CFC-6B421CBCB30C}.Debug|Any CPU.Build.0 = Debug|Any CPU
		{459C78A1-ECD0-417D-9CFC-6B421CBCB30C}.Release|Any CPU.ActiveCfg = Release|Any CPU
		{459C78A1-ECD0-417D-9CFC-6B421CBCB30C}.Release|Any CPU.Build.0 = Release|Any CPU
		{242EFEE9-11E7-4672-BBF5-F0F65AA249D1}.Debug|Any CPU.ActiveCfg = Debug|Any CPU
		{242EFEE9-11E7-4672-BBF5-F0F65AA249D1}.Debug|Any CPU.Build.0 = Debug|Any CPU
		{242EFEE9-11E7-4672-BBF5-F0F65AA249D1}.Release|Any CPU.ActiveCfg = Release|Any CPU
		{242EFEE9-11E7-4672-BBF5-F0F65AA249D1}.Release|Any CPU.Build.0 = Release|Any CPU
	EndGlobalSection
	GlobalSection(SolutionProperties) = preSolution
		HideSolutionNode = FALSE
	EndGlobalSection
	GlobalSection(ExtensibilityGlobals) = postSolution
		SolutionGuid = {967E5CBC-7EAD-4265-84D0-3AD7BE4DD8EE}
	EndGlobalSection
EndGlobal
